
Microsoft Visual Studio Solution File, Format Version 12.00
# Visual Studio Version 16
VisualStudioVersion = 16.0.29920.165
MinimumVisualStudioVersion = 10.0.40219.1
Project("{FAE04EC0-301F-11D3-BF4B-00C04F79EFBC}") = "LanguageApp.Api", "LanguageApp.Api\LanguageApp.Api.csproj", "{CAF3A7B2-FFB3-4E51-8037-5BA216DBDB30}"
EndProject
Global
	GlobalSection(SolutionConfigurationPlatforms) = preSolution
		Debug|Any CPU = Debug|Any CPU
		Release|Any CPU = Release|Any CPU
	EndGlobalSection
	GlobalSection(ProjectConfigurationPlatforms) = postSolution
		{CAF3A7B2-FFB3-4E51-8037-5BA216DBDB30}.Debug|Any CPU.ActiveCfg = Debug|Any CPU
		{CAF3A7B2-FFB3-4E51-8037-5BA216DBDB30}.Debug|Any CPU.Build.0 = Debug|Any CPU
		{CAF3A7B2-FFB3-4E51-8037-5BA216DBDB30}.Release|Any CPU.ActiveCfg = Release|Any CPU
		{CAF3A7B2-FFB3-4E51-8037-5BA216DBDB30}.Release|Any CPU.Build.0 = Release|Any CPU
	EndGlobalSection
	GlobalSection(SolutionProperties) = preSolution
		HideSolutionNode = FALSE
	EndGlobalSection
	GlobalSection(ExtensibilityGlobals) = postSolution
		SolutionGuid = {DBCD3119-115B-4358-A436-7076FCD3A8DD}
	EndGlobalSection
EndGlobal
